
Microsoft Visual Studio Solution File, Format Version 12.00
# Visual Studio 15
VisualStudioVersion = 15.0.27130.2024
MinimumVisualStudioVersion = 10.0.40219.1
Project("{8BC9CEB8-8B4A-11D0-8D11-00A0C91BC942}") = "verniy", "verniy\verniy.vcxproj", "{7BB962B6-39B3-46BD-A9E6-8084FA8B6679}"
EndProject
Global
	GlobalSection(SolutionConfigurationPlatforms) = preSolution
		Debug|x64 = Debug|x64
		Debug|x86 = Debug|x86
		Release|x64 = Release|x64
		Release|x86 = Release|x86
	EndGlobalSection
	GlobalSection(ProjectConfigurationPlatforms) = postSolution
		{7BB962B6-39B3-46BD-A9E6-8084FA8B6679}.Debug|x64.ActiveCfg = Debug|x64
		{7BB962B6-39B3-46BD-A9E6-8084FA8B6679}.Debug|x64.Build.0 = Debug|x64
		{7BB962B6-39B3-46BD-A9E6-8084FA8B6679}.Debug|x86.ActiveCfg = Debug|Win32
		{7BB962B6-39B3-46BD-A9E6-8084FA8B6679}.Debug|x86.Build.0 = Debug|Win32
		{7BB962B6-39B3-46BD-A9E6-8084FA8B6679}.Release|x64.ActiveCfg = Release|x64
		{7BB962B6-39B3-46BD-A9E6-8084FA8B6679}.Release|x64.Build.0 = Release|x64
		{7BB962B6-39B3-46BD-A9E6-8084FA8B6679}.Release|x86.ActiveCfg = Release|Win32
		{7BB962B6-39B3-46BD-A9E6-8084FA8B6679}.Release|x86.Build.0 = Release|Win32
	EndGlobalSection
	GlobalSection(SolutionProperties) = preSolution
		HideSolutionNode = FALSE
	EndGlobalSection
	GlobalSection(ExtensibilityGlobals) = postSolution
		SolutionGuid = {0CC724C0-DD54-4333-973D-C4469514F368}
	EndGlobalSection
EndGlobal
